// !$*UTF8*$!
{
	archiveVersion = 1;
	classes = {
	};
	objectVersion = 77;
	objects = {

/* Begin PBXContainerItemProxy section */
		D22D53082DAE16160068EFB3 /* PBXContainerItemProxy */ = {
			isa = PBXContainerItemProxy;
			containerPortal = D22D52ED2DAE16130068EFB3 /* Project object */;
			proxyType = 1;
			remoteGlobalIDString = D22D52F42DAE16130068EFB3;
			remoteInfo = AsynAwait;
		};
		D22D53122DAE16160068EFB3 /* PBXContainerItemProxy */ = {
			isa = PBXContainerItemProxy;
			containerPortal = D22D52ED2DAE16130068EFB3 /* Project object */;
			proxyType = 1;
			remoteGlobalIDString = D22D52F42DAE16130068EFB3;
			remoteInfo = AsynAwait;
		};
/* End PBXContainerItemProxy section */

/* Begin PBXFileReference section */
		D22D52F52DAE16130068EFB3 /* AsynAwait.app */ = {isa = PBXFileReference; explicitFileType = wrapper.application; includeInIndex = 0; path = AsynAwait.app; sourceTree = BUILT_PRODUCTS_DIR; };
		D22D53072DAE16160068EFB3 /* AsynAwaitTests.xctest */ = {isa = PBXFileReference; explicitFileType = wrapper.cfbundle; includeInIndex = 0; path = AsynAwaitTests.xctest; sourceTree = BUILT_PRODUCTS_DIR; };
		D22D53112DAE16160068EFB3 /* AsynAwaitUITests.xctest */ = {isa = PBXFileReference; explicitFileType = wrapper.cfbundle; includeInIndex = 0; path = AsynAwaitUITests.xctest; sourceTree = BUILT_PRODUCTS_DIR; };
/* End PBXFileReference section */

/* Begin PBXFileSystemSynchronizedRootGroup section */
		D22D52F72DAE16130068EFB3 /* AsynAwait */ = {
			isa = PBXFileSystemSynchronizedRootGroup;
			path = AsynAwait;
			sourceTree = "<group>";
		};
		D22D530A2DAE16160068EFB3 /* AsynAwaitTests */ = {
			isa = PBXFileSystemSynchronizedRootGroup;
			path = AsynAwaitTests;
			sourceTree = "<group>";
		};
		D22D53142DAE16160068EFB3 /* AsynAwaitUITests */ = {
			isa = PBXFileSystemSynchronizedRootGroup;
			path = AsynAwaitUITests;
			sourceTree = "<group>";
		};
/* End PBXFileSystemSynchronizedRootGroup section */

/* Begin PBXFrameworksBuildPhase section */
		D22D52F22DAE16130068EFB3 /* Frameworks */ = {
			isa = PBXFrameworksBuildPhase;
			buildActionMask = 2147483647;
			files = (
			);
			runOnlyForDeploymentPostprocessing = 0;
		};
		D22D53042DAE16160068EFB3 /* Frameworks */ = {
			isa = PBXFrameworksBuildPhase;
			buildActionMask = 2147483647;
			files = (
			);
			runOnlyForDeploymentPostprocessing = 0;
		};
		D22D530E2DAE16160068EFB3 /* Frameworks */ = {
			isa = PBXFrameworksBuildPhase;
			buildActionMask = 2147483647;
			files = (
			);
			runOnlyForDeploymentPostprocessing = 0;
		};
/* End PBXFrameworksBuildPhase section */

/* Begin PBXGroup section */
		D22D52EC2DAE16130068EFB3 = {
			isa = PBXGroup;
			children = (
				D22D52F72DAE16130068EFB3 /* AsynAwait */,
				D22D530A2DAE16160068EFB3 /* AsynAwaitTests */,
				D22D53142DAE16160068EFB3 /* AsynAwaitUITests */,
				D22D52F62DAE16130068EFB3 /* Products */,
			);
			sourceTree = "<group>";
		};
		D22D52F62DAE16130068EFB3 /* Products */ = {
			isa = PBXGroup;
			children = (
				D22D52F52DAE16130068EFB3 /* AsynAwait.app */,
				D22D53072DAE16160068EFB3 /* AsynAwaitTests.xctest */,
				D22D53112DAE16160068EFB3 /* AsynAwaitUITests.xctest */,
			);
			name = Products;
			sourceTree = "<group>";
		};
/* End PBXGroup section */

/* Begin PBXNativeTarget section */
		D22D52F42DAE16130068EFB3 /* AsynAwait */ = {
			isa = PBXNativeTarget;
			buildConfigurationList = D22D531B2DAE16160068EFB3 /* Build configuration list for PBXNativeTarget "AsynAwait" */;
			buildPhases = (
				D22D52F12DAE16130068EFB3 /* Sources */,
				D22D52F22DAE16130068EFB3 /* Frameworks */,
				D22D52F32DAE16130068EFB3 /* Resources */,
			);
			buildRules = (
			);
			dependencies = (
			);
			fileSystemSynchronizedGroups = (
				D22D52F72DAE16130068EFB3 /* AsynAwait */,
			);
			name = AsynAwait;
			packageProductDependencies = (
			);
			productName = AsynAwait;
			productReference = D22D52F52DAE16130068EFB3 /* AsynAwait.app */;
			productType = "com.apple.product-type.application";
		};
		D22D53062DAE16160068EFB3 /* AsynAwaitTests */ = {
			isa = PBXNativeTarget;
			buildConfigurationList = D22D531E2DAE16160068EFB3 /* Build configuration list for PBXNativeTarget "AsynAwaitTests" */;
			buildPhases = (
				D22D53032DAE16160068EFB3 /* Sources */,
				D22D53042DAE16160068EFB3 /* Frameworks */,
				D22D53052DAE16160068EFB3 /* Resources */,
			);
			buildRules = (
			);
			dependencies = (
				D22D53092DAE16160068EFB3 /* PBXTargetDependency */,
			);
			fileSystemSynchronizedGroups = (
				D22D530A2DAE16160068EFB3 /* AsynAwaitTests */,
			);
			name = AsynAwaitTests;
			packageProductDependencies = (
			);
			productName = AsynAwaitTests;
			productReference = D22D53072DAE16160068EFB3 /* AsynAwaitTests.xctest */;
			productType = "com.apple.product-type.bundle.unit-test";
		};
		D22D53102DAE16160068EFB3 /* AsynAwaitUITests */ = {
			isa = PBXNativeTarget;
			buildConfigurationList = D22D53212DAE16160068EFB3 /* Build configuration list for PBXNativeTarget "AsynAwaitUITests" */;
			buildPhases = (
				D22D530D2DAE16160068EFB3 /* Sources */,
				D22D530E2DAE16160068EFB3 /* Frameworks */,
				D22D530F2DAE16160068EFB3 /* Resources */,
			);
			buildRules = (
			);
			dependencies = (
				D22D53132DAE16160068EFB3 /* PBXTargetDependency */,
			);
			fileSystemSynchronizedGroups = (
				D22D53142DAE16160068EFB3 /* AsynAwaitUITests */,
			);
			name = AsynAwaitUITests;
			packageProductDependencies = (
			);
			productName = AsynAwaitUITests;
			productReference = D22D53112DAE16160068EFB3 /* AsynAwaitUITests.xctest */;
			productType = "com.apple.product-type.bundle.ui-testing";
		};
/* End PBXNativeTarget section */

/* Begin PBXProject section */
		D22D52ED2DAE16130068EFB3 /* Project object */ = {
			isa = PBXProject;
			attributes = {
				BuildIndependentTargetsInParallel = 1;
				LastSwiftUpdateCheck = 1620;
				LastUpgradeCheck = 1620;
				TargetAttributes = {
					D22D52F42DAE16130068EFB3 = {
						CreatedOnToolsVersion = 16.2;
					};
					D22D53062DAE16160068EFB3 = {
						CreatedOnToolsVersion = 16.2;
						TestTargetID = D22D52F42DAE16130068EFB3;
					};
					D22D53102DAE16160068EFB3 = {
						CreatedOnToolsVersion = 16.2;
						TestTargetID = D22D52F42DAE16130068EFB3;
					};
				};
			};
			buildConfigurationList = D22D52F02DAE16130068EFB3 /* Build configuration list for PBXProject "AsynAwait" */;
			developmentRegion = en;
			hasScannedForEncodings = 0;
			knownRegions = (
				en,
				Base,
			);
			mainGroup = D22D52EC2DAE16130068EFB3;
			minimizedProjectReferenceProxies = 1;
			preferredProjectObjectVersion = 77;
			productRefGroup = D22D52F62DAE16130068EFB3 /* Products */;
			projectDirPath = "";
			projectRoot = "";
			targets = (
				D22D52F42DAE16130068EFB3 /* AsynAwait */,
				D22D53062DAE16160068EFB3 /* AsynAwaitTests */,
				D22D53102DAE16160068EFB3 /* AsynAwaitUITests */,
			);
		};
/* End PBXProject section */

/* Begin PBXResourcesBuildPhase section */
		D22D52F32DAE16130068EFB3 /* Resources */ = {
			isa = PBXResourcesBuildPhase;
			buildActionMask = 2147483647;
			files = (
			);
			runOnlyForDeploymentPostprocessing = 0;
		};
		D22D53052DAE16160068EFB3 /* Resources */ = {
			isa = PBXResourcesBuildPhase;
			buildActionMask = 2147483647;
			files = (
			);
			runOnlyForDeploymentPostprocessing = 0;
		};
		D22D530F2DAE16160068EFB3 /* Resources */ = {
			isa = PBXResourcesBuildPhase;
			buildActionMask = 2147483647;
			files = (
			);
			runOnlyForDeploymentPostprocessing = 0;
		};
/* End PBXResourcesBuildPhase section */

/* Begin PBXSourcesBuildPhase section */
		D22D52F12DAE16130068EFB3 /* Sources */ = {
			isa = PBXSourcesBuildPhase;
			buildActionMask = 2147483647;
			files = (
			);
			runOnlyForDeploymentPostprocessing = 0;
		};
		D22D53032DAE16160068EFB3 /* Sources */ = {
			isa = PBXSourcesBuildPhase;
			buildActionMask = 2147483647;
			files = (
			);
			runOnlyForDeploymentPostprocessing = 0;
		};
		D22D530D2DAE16160068EFB3 /* Sources */ = {
			isa = PBXSourcesBuildPhase;
			buildActionMask = 2147483647;
			files = (
			);
			runOnlyForDeploymentPostprocessing = 0;
		};
/* End PBXSourcesBuildPhase section */

/* Begin PBXTargetDependency section */
		D22D53092DAE16160068EFB3 /* PBXTargetDependency */ = {
			isa = PBXTargetDependency;
			target = D22D52F42DAE16130068EFB3 /* AsynAwait */;
			targetProxy = D22D53082DAE16160068EFB3 /* PBXContainerItemProxy */;
		};
		D22D53132DAE16160068EFB3 /* PBXTargetDependency */ = {
			isa = PBXTargetDependency;
			target = D22D52F42DAE16130068EFB3 /* AsynAwait */;
			targetProxy = D22D53122DAE16160068EFB3 /* PBXContainerItemProxy */;
		};
/* End PBXTargetDependency section */

/* Begin XCBuildConfiguration section */
		D22D53192DAE16160068EFB3 /* Debug */ = {
			isa = XCBuildConfiguration;
			buildSettings = {
				ALWAYS_SEARCH_USER_PATHS = NO;
				ASSETCATALOG_COMPILER_GENERATE_SWIFT_ASSET_SYMBOL_EXTENSIONS = YES;
				CLANG_ANALYZER_NONNULL = YES;
				CLANG_ANALYZER_NUMBER_OBJECT_CONVERSION = YES_AGGRESSIVE;
				CLANG_CXX_LANGUAGE_STANDARD = "gnu++20";
				CLANG_ENABLE_MODULES = YES;
				CLANG_ENABLE_OBJC_ARC = YES;
				CLANG_ENABLE_OBJC_WEAK = YES;
				CLANG_WARN_BLOCK_CAPTURE_AUTORELEASING = YES;
				CLANG_WARN_BOOL_CONVERSION = YES;
				CLANG_WARN_COMMA = YES;
				CLANG_WARN_CONSTANT_CONVERSION = YES;
				CLANG_WARN_DEPRECATED_OBJC_IMPLEMENTATIONS = YES;
				CLANG_WARN_DIRECT_OBJC_ISA_USAGE = YES_ERROR;
				CLANG_WARN_DOCUMENTATION_COMMENTS = YES;
				CLANG_WARN_EMPTY_BODY = YES;
				CLANG_WARN_ENUM_CONVERSION = YES;
				CLANG_WARN_INFINITE_RECURSION = YES;
				CLANG_WARN_INT_CONVERSION = YES;
				CLANG_WARN_NON_LITERAL_NULL_CONVERSION = YES;
				CLANG_WARN_OBJC_IMPLICIT_RETAIN_SELF = YES;
				CLANG_WARN_OBJC_LITERAL_CONVERSION = YES;
				CLANG_WARN_OBJC_ROOT_CLASS = YES_ERROR;
				CLANG_WARN_QUOTED_INCLUDE_IN_FRAMEWORK_HEADER = YES;
				CLANG_WARN_RANGE_LOOP_ANALYSIS = YES;
				CLANG_WARN_STRICT_PROTOTYPES = YES;
				CLANG_WARN_SUSPICIOUS_MOVE = YES;
				CLANG_WARN_UNGUARDED_AVAILABILITY = YES_AGGRESSIVE;
				CLANG_WARN_UNREACHABLE_CODE = YES;
				CLANG_WARN__DUPLICATE_METHOD_MATCH = YES;
				COPY_PHASE_STRIP = NO;
				DEBUG_INFORMATION_FORMAT = dwarf;
				ENABLE_STRICT_OBJC_MSGSEND = YES;
				ENABLE_TESTABILITY = YES;
				ENABLE_USER_SCRIPT_SANDBOXING = YES;
				GCC_C_LANGUAGE_STANDARD = gnu17;
				GCC_DYNAMIC_NO_PIC = NO;
				GCC_NO_COMMON_BLOCKS = YES;
				GCC_OPTIMIZATION_LEVEL = 0;
				GCC_PREPROCESSOR_DEFINITIONS = (
					"DEBUG=1",
					"$(inherited)",
				);
				GCC_WARN_64_TO_32_BIT_CONVERSION = YES;
				GCC_WARN_ABOUT_RETURN_TYPE = YES_ERROR;
				GCC_WARN_UNDECLARED_SELECTOR = YES;
				GCC_WARN_UNINITIALIZED_AUTOS = YES_AGGRESSIVE;
				GCC_WARN_UNUSED_FUNCTION = YES;
				GCC_WARN_UNUSED_VARIABLE = YES;
				IPHONEOS_DEPLOYMENT_TARGET = 18.2;
				LOCALIZATION_PREFERS_STRING_CATALOGS = YES;
				MTL_ENABLE_DEBUG_INFO = INCLUDE_SOURCE;
				MTL_FAST_MATH = YES;
				ONLY_ACTIVE_ARCH = YES;
				SDKROOT = iphoneos;
				SWIFT_ACTIVE_COMPILATION_CONDITIONS = "DEBUG $(inherited)";
				SWIFT_OPTIMIZATION_LEVEL = "-Onone";
			};
			name = Debug;
		};
		D22D531A2DAE16160068EFB3 /* Release */ = {
			isa = XCBuildConfiguration;
			buildSettings = {
				ALWAYS_SEARCH_USER_PATHS = NO;
				ASSETCATALOG_COMPILER_GENERATE_SWIFT_ASSET_SYMBOL_EXTENSIONS = YES;
				CLANG_ANALYZER_NONNULL = YES;
				CLANG_ANALYZER_NUMBER_OBJECT_CONVERSION = YES_AGGRESSIVE;
				CLANG_CXX_LANGUAGE_STANDARD = "gnu++20";
				CLANG_ENABLE_MODULES = YES;
				CLANG_ENABLE_OBJC_ARC = YES;
				CLANG_ENABLE_OBJC_WEAK = YES;
				CLANG_WARN_BLOCK_CAPTURE_AUTORELEASING = YES;
				CLANG_WARN_BOOL_CONVERSION = YES;
				CLANG_WARN_COMMA = YES;
				CLANG_WARN_CONSTANT_CONVERSION = YES;
				CLANG_WARN_DEPRECATED_OBJC_IMPLEMENTATIONS = YES;
				CLANG_WARN_DIRECT_OBJC_ISA_USAGE = YES_ERROR;
				CLANG_WARN_DOCUMENTATION_COMMENTS = YES;
				CLANG_WARN_EMPTY_BODY = YES;
				CLANG_WARN_ENUM_CONVERSION = YES;
				CLANG_WARN_INFINITE_RECURSION = YES;
				CLANG_WARN_INT_CONVERSION = YES;
				CLANG_WARN_NON_LITERAL_NULL_CONVERSION = YES;
				CLANG_WARN_OBJC_IMPLICIT_RETAIN_SELF = YES;
				CLANG_WARN_OBJC_LITERAL_CONVERSION = YES;
				CLANG_WARN_OBJC_ROOT_CLASS = YES_ERROR;
				CLANG_WARN_QUOTED_INCLUDE_IN_FRAMEWORK_HEADER = YES;
				CLANG_WARN_RANGE_LOOP_ANALYSIS = YES;
				CLANG_WARN_STRICT_PROTOTYPES = YES;
				CLANG_WARN_SUSPICIOUS_MOVE = YES;
				CLANG_WARN_UNGUARDED_AVAILABILITY = YES_AGGRESSIVE;
				CLANG_WARN_UNREACHABLE_CODE = YES;
				CLANG_WARN__DUPLICATE_METHOD_MATCH = YES;
				COPY_PHASE_STRIP = NO;
				DEBUG_INFORMATION_FORMAT = "dwarf-with-dsym";
				ENABLE_NS_ASSERTIONS = NO;
				ENABLE_STRICT_OBJC_MSGSEND = YES;
				ENABLE_USER_SCRIPT_SANDBOXING = YES;
				GCC_C_LANGUAGE_STANDARD = gnu17;
				GCC_NO_COMMON_BLOCKS = YES;
				GCC_WARN_64_TO_32_BIT_CONVERSION = YES;
				GCC_WARN_ABOUT_RETURN_TYPE = YES_ERROR;
				GCC_WARN_UNDECLARED_SELECTOR = YES;
				GCC_WARN_UNINITIALIZED_AUTOS = YES_AGGRESSIVE;
				GCC_WARN_UNUSED_FUNCTION = YES;
				GCC_WARN_UNUSED_VARIABLE = YES;
				IPHONEOS_DEPLOYMENT_TARGET = 18.2;
				LOCALIZATION_PREFERS_STRING_CATALOGS = YES;
				MTL_ENABLE_DEBUG_INFO = NO;
				MTL_FAST_MATH = YES;
				SDKROOT = iphoneos;
				SWIFT_COMPILATION_MODE = wholemodule;
				VALIDATE_PRODUCT = YES;
			};
			name = Release;
		};
		D22D531C2DAE16160068EFB3 /* Debug */ = {
			isa = XCBuildConfiguration;
			buildSettings = {
				ASSETCATALOG_COMPILER_APPICON_NAME = AppIcon;
				ASSETCATALOG_COMPILER_GLOBAL_ACCENT_COLOR_NAME = AccentColor;
				CODE_SIGN_STYLE = Automatic;
				CURRENT_PROJECT_VERSION = 1;
				DEVELOPMENT_ASSET_PATHS = "\"AsynAwait/Preview Content\"";
				DEVELOPMENT_TEAM = AQHNXZHZ8T;
				ENABLE_PREVIEWS = YES;
				GENERATE_INFOPLIST_FILE = YES;
				INFOPLIST_KEY_UIApplicationSceneManifest_Generation = YES;
				INFOPLIST_KEY_UIApplicationSupportsIndirectInputEvents = YES;
				INFOPLIST_KEY_UILaunchScreen_Generation = YES;
				INFOPLIST_KEY_UISupportedInterfaceOrientations_iPad = "UIInterfaceOrientationPortrait UIInterfaceOrientationPortraitUpsideDown UIInterfaceOrientationLandscapeLeft UIInterfaceOrientationLandscapeRight";
				INFOPLIST_KEY_UISupportedInterfaceOrientations_iPhone = "UIInterfaceOrientationPortrait UIInterfaceOrientationLandscapeLeft UIInterfaceOrientationLandscapeRight";
				LD_RUNPATH_SEARCH_PATHS = (
					"$(inherited)",
					"@executable_path/Frameworks",
				);
				MARKETING_VERSION = 1.0;
				PRODUCT_BUNDLE_IDENTIFIER = me.tpcreative.AsynAwait;
				PRODUCT_NAME = "$(TARGET_NAME)";
				SWIFT_EMIT_LOC_STRINGS = YES;
				SWIFT_VERSION = 5.0;
				TARGETED_DEVICE_FAMILY = "1,2";
			};
			name = Debug;
		};
		D22D531D2DAE16160068EFB3 /* Release */ = {
			isa = XCBuildConfiguration;
			buildSettings = {
				ASSETCATALOG_COMPILER_APPICON_NAME = AppIcon;
				ASSETCATALOG_COMPILER_GLOBAL_ACCENT_COLOR_NAME = AccentColor;
				CODE_SIGN_STYLE = Automatic;
				CURRENT_PROJECT_VERSION = 1;
				DEVELOPMENT_ASSET_PATHS = "\"AsynAwait/Preview Content\"";
				DEVELOPMENT_TEAM = AQHNXZHZ8T;
				ENABLE_PREVIEWS = YES;
				GENERATE_INFOPLIST_FILE = YES;
				INFOPLIST_KEY_UIApplicationSceneManifest_Generation = YES;
				INFOPLIST_KEY_UIApplicationSupportsIndirectInputEvents = YES;
				INFOPLIST_KEY_UILaunchScreen_Generation = YES;
				INFOPLIST_KEY_UISupportedInterfaceOrientations_iPad = "UIInterfaceOrientationPortrait UIInterfaceOrientationPortraitUpsideDown UIInterfaceOrientationLandscapeLeft UIInterfaceOrientationLandscapeRight";
				INFOPLIST_KEY_UISupportedInterfaceOrientations_iPhone = "UIInterfaceOrientationPortrait UIInterfaceOrientationLandscapeLeft UIInterfaceOrientationLandscapeRight";
				LD_RUNPATH_SEARCH_PATHS = (
					"$(inherited)",
					"@executable_path/Frameworks",
				);
				MARKETING_VERSION = 1.0;
				PRODUCT_BUNDLE_IDENTIFIER = me.tpcreative.AsynAwait;
				PRODUCT_NAME = "$(TARGET_NAME)";
				SWIFT_EMIT_LOC_STRINGS = YES;
				SWIFT_VERSION = 5.0;
				TARGETED_DEVICE_FAMILY = "1,2";
			};
			name = Release;
		};
		D22D531F2DAE16160068EFB3 /* Debug */ = {
			isa = XCBuildConfiguration;
			buildSettings = {
				BUNDLE_LOADER = "$(TEST_HOST)";
				CODE_SIGN_STYLE = Automatic;
				CURRENT_PROJECT_VERSION = 1;
				DEVELOPMENT_TEAM = AQHNXZHZ8T;
				GENERATE_INFOPLIST_FILE = YES;
				IPHONEOS_DEPLOYMENT_TARGET = 18.2;
				MARKETING_VERSION = 1.0;
				PRODUCT_BUNDLE_IDENTIFIER = me.tpcreative.AsynAwaitTests;
				PRODUCT_NAME = "$(TARGET_NAME)";
				SWIFT_EMIT_LOC_STRINGS = NO;
				SWIFT_VERSION = 5.0;
				TARGETED_DEVICE_FAMILY = "1,2";
				TEST_HOST = "$(BUILT_PRODUCTS_DIR)/AsynAwait.app/$(BUNDLE_EXECUTABLE_FOLDER_PATH)/AsynAwait";
			};
			name = Debug;
		};
		D22D53202DAE16160068EFB3 /* Release */ = {
			isa = XCBuildConfiguration;
			buildSettings = {
				BUNDLE_LOADER = "$(TEST_HOST)";
				CODE_SIGN_STYLE = Automatic;
				CURRENT_PROJECT_VERSION = 1;
				DEVELOPMENT_TEAM = AQHNXZHZ8T;
				GENERATE_INFOPLIST_FILE = YES;
				IPHONEOS_DEPLOYMENT_TARGET = 18.2;
				MARKETING_VERSION = 1.0;
				PRODUCT_BUNDLE_IDENTIFIER = me.tpcreative.AsynAwaitTests;
				PRODUCT_NAME = "$(TARGET_NAME)";
				SWIFT_EMIT_LOC_STRINGS = NO;
				SWIFT_VERSION = 5.0;
				TARGETED_DEVICE_FAMILY = "1,2";
				TEST_HOST = "$(BUILT_PRODUCTS_DIR)/AsynAwait.app/$(BUNDLE_EXECUTABLE_FOLDER_PATH)/AsynAwait";
			};
			name = Release;
		};
		D22D53222DAE16160068EFB3 /* Debug */ = {
			isa = XCBuildConfiguration;
			buildSettings = {
				CODE_SIGN_STYLE = Automatic;
				CURRENT_PROJECT_VERSION = 1;
				DEVELOPMENT_TEAM = AQHNXZHZ8T;
				GENERATE_INFOPLIST_FILE = YES;
				MARKETING_VERSION = 1.0;
				PRODUCT_BUNDLE_IDENTIFIER = me.tpcreative.AsynAwaitUITests;
				PRODUCT_NAME = "$(TARGET_NAME)";
				SWIFT_EMIT_LOC_STRINGS = NO;
				SWIFT_VERSION = 5.0;
				TARGETED_DEVICE_FAMILY = "1,2";
				TEST_TARGET_NAME = AsynAwait;
			};
			name = Debug;
		};
		D22D53232DAE16160068EFB3 /* Release */ = {
			isa = XCBuildConfiguration;
			buildSettings = {
				CODE_SIGN_STYLE = Automatic;
				CURRENT_PROJECT_VERSION = 1;
				DEVELOPMENT_TEAM = AQHNXZHZ8T;
				GENERATE_INFOPLIST_FILE = YES;
				MARKETING_VERSION = 1.0;
				PRODUCT_BUNDLE_IDENTIFIER = me.tpcreative.AsynAwaitUITests;
				PRODUCT_NAME = "$(TARGET_NAME)";
				SWIFT_EMIT_LOC_STRINGS = NO;
				SWIFT_VERSION = 5.0;
				TARGETED_DEVICE_FAMILY = "1,2";
				TEST_TARGET_NAME = AsynAwait;
			};
			name = Release;
		};
/* End XCBuildConfiguration section */

/* Begin XCConfigurationList section */
		D22D52F02DAE16130068EFB3 /* Build configuration list for PBXProject "AsynAwait" */ = {
			isa = XCConfigurationList;
			buildConfigurations = (
				D22D53192DAE16160068EFB3 /* Debug */,
				D22D531A2DAE16160068EFB3 /* Release */,
			);
			defaultConfigurationIsVisible = 0;
			defaultConfigurationName = Release;
		};
		D22D531B2DAE16160068EFB3 /* Build configuration list for PBXNativeTarget "AsynAwait" */ = {
			isa = XCConfigurationList;
			buildConfigurations = (
				D22D531C2DAE16160068EFB3 /* Debug */,
				D22D531D2DAE16160068EFB3 /* Release */,
			);
			defaultConfigurationIsVisible = 0;
			defaultConfigurationName = Release;
		};
		D22D531E2DAE16160068EFB3 /* Build configuration list for PBXNativeTarget "AsynAwaitTests" */ = {
			isa = XCConfigurationList;
			buildConfigurations = (
				D22D531F2DAE16160068EFB3 /* Debug */,
				D22D53202DAE16160068EFB3 /* Release */,
			);
			defaultConfigurationIsVisible = 0;
			defaultConfigurationName = Release;
		};
		D22D53212DAE16160068EFB3 /* Build configuration list for PBXNativeTarget "AsynAwaitUITests" */ = {
			isa = XCConfigurationList;
			buildConfigurations = (
				D22D53222DAE16160068EFB3 /* Debug */,
				D22D53232DAE16160068EFB3 /* Release */,
			);
			defaultConfigurationIsVisible = 0;
			defaultConfigurationName = Release;
		};
/* End XCConfigurationList section */
	};
	rootObject = D22D52ED2DAE16130068EFB3 /* Project object */;
}
